// !$*UTF8*$!
{
	archiveVersion = 1;
	classes = {
	};
	objectVersion = 46;
	objects = {

/* Begin PBXBuildFile section */
		D22B5A151C68E9FD000D549A /* Assets.xcassets in Resources */ = {isa = PBXBuildFile; fileRef = D22B5A141C68E9FD000D549A /* Assets.xcassets */; };
		D263D94C1C68FF14002E8DE5 /* MealTableViewController.swift in Sources */ = {isa = PBXBuildFile; fileRef = D263D94A1C68FF14002E8DE5 /* MealTableViewController.swift */; };
		D263D94D1C68FF14002E8DE5 /* MealTableViewController.xib in Resources */ = {isa = PBXBuildFile; fileRef = D263D94B1C68FF14002E8DE5 /* MealTableViewController.xib */; };
		D263D94F1C69F621002E8DE5 /* MealTableViewCell.swift in Sources */ = {isa = PBXBuildFile; fileRef = D263D94E1C69F621002E8DE5 /* MealTableViewCell.swift */; };
		D2A8B9161C6246C600D684BA /* AppDelegate.swift in Sources */ = {isa = PBXBuildFile; fileRef = D2A8B9151C6246C600D684BA /* AppDelegate.swift */; };
		D2A8B9181C6246C600D684BA /* MealViewController.swift in Sources */ = {isa = PBXBuildFile; fileRef = D2A8B9171C6246C600D684BA /* MealViewController.swift */; };
		D2A8B91B1C6246C600D684BA /* Main.storyboard in Resources */ = {isa = PBXBuildFile; fileRef = D2A8B9191C6246C600D684BA /* Main.storyboard */; };
		D2A8B9201C6246C600D684BA /* LaunchScreen.storyboard in Resources */ = {isa = PBXBuildFile; fileRef = D2A8B91E1C6246C600D684BA /* LaunchScreen.storyboard */; };
		D2A8B92B1C6246C600D684BA /* FoodTrackerTests.swift in Sources */ = {isa = PBXBuildFile; fileRef = D2A8B92A1C6246C600D684BA /* FoodTrackerTests.swift */; };
		D2BA3BD61C63C8CE00569A26 /* RatingControl.swift in Sources */ = {isa = PBXBuildFile; fileRef = D2BA3BD51C63C8CE00569A26 /* RatingControl.swift */; };
		D2BA3BD81C64D6D200569A26 /* Meal.swift in Sources */ = {isa = PBXBuildFile; fileRef = D2BA3BD71C64D6D200569A26 /* Meal.swift */; };
		D2BA3BD91C64D6D200569A26 /* Meal.swift in Sources */ = {isa = PBXBuildFile; fileRef = D2BA3BD71C64D6D200569A26 /* Meal.swift */; };
/* End PBXBuildFile section */

/* Begin PBXContainerItemProxy section */
		D2A8B9271C6246C600D684BA /* PBXContainerItemProxy */ = {
			isa = PBXContainerItemProxy;
			containerPortal = D2A8B90A1C6246C600D684BA /* Project object */;
			proxyType = 1;
			remoteGlobalIDString = D2A8B9111C6246C600D684BA;
			remoteInfo = FoodTracker;
		};
/* End PBXContainerItemProxy section */

/* Begin PBXFileReference section */
		D22B5A141C68E9FD000D549A /* Assets.xcassets */ = {isa = PBXFileReference; lastKnownFileType = folder.assetcatalog; path = Assets.xcassets; sourceTree = "<group>"; };
		D263D94A1C68FF14002E8DE5 /* MealTableViewController.swift */ = {isa = PBXFileReference; fileEncoding = 4; lastKnownFileType = sourcecode.swift; path = MealTableViewController.swift; sourceTree = "<group>"; };
		D263D94B1C68FF14002E8DE5 /* MealTableViewController.xib */ = {isa = PBXFileReference; fileEncoding = 4; lastKnownFileType = file.xib; path = MealTableViewController.xib; sourceTree = "<group>"; };
		D263D94E1C69F621002E8DE5 /* MealTableViewCell.swift */ = {isa = PBXFileReference; fileEncoding = 4; lastKnownFileType = sourcecode.swift; path = MealTableViewCell.swift; sourceTree = "<group>"; };
		D2A8B9121C6246C600D684BA /* FoodTracker.app */ = {isa = PBXFileReference; explicitFileType = wrapper.application; includeInIndex = 0; path = FoodTracker.app; sourceTree = BUILT_PRODUCTS_DIR; };
		D2A8B9151C6246C600D684BA /* AppDelegate.swift */ = {isa = PBXFileReference; lastKnownFileType = sourcecode.swift; path = AppDelegate.swift; sourceTree = "<group>"; };
		D2A8B9171C6246C600D684BA /* MealViewController.swift */ = {isa = PBXFileReference; lastKnownFileType = sourcecode.swift; path = MealViewController.swift; sourceTree = "<group>"; };
		D2A8B91A1C6246C600D684BA /* Base */ = {isa = PBXFileReference; lastKnownFileType = file.storyboard; name = Base; path = Base.lproj/Main.storyboard; sourceTree = "<group>"; };
		D2A8B91F1C6246C600D684BA /* Base */ = {isa = PBXFileReference; lastKnownFileType = file.storyboard; name = Base; path = Base.lproj/LaunchScreen.storyboard; sourceTree = "<group>"; };
		D2A8B9211C6246C600D684BA /* Info.plist */ = {isa = PBXFileReference; lastKnownFileType = text.plist.xml; path = Info.plist; sourceTree = "<group>"; };
		D2A8B9261C6246C600D684BA /* FoodTrackerTests.xctest */ = {isa = PBXFileReference; explicitFileType = wrapper.cfbundle; includeInIndex = 0; path = FoodTrackerTests.xctest; sourceTree = BUILT_PRODUCTS_DIR; };
		D2A8B92A1C6246C600D684BA /* FoodTrackerTests.swift */ = {isa = PBXFileReference; lastKnownFileType = sourcecode.swift; path = FoodTrackerTests.swift; sourceTree = "<group>"; };
		D2A8B92C1C6246C600D684BA /* Info.plist */ = {isa = PBXFileReference; lastKnownFileType = text.plist.xml; path = Info.plist; sourceTree = "<group>"; };
		D2BA3BD51C63C8CE00569A26 /* RatingControl.swift */ = {isa = PBXFileReference; fileEncoding = 4; lastKnownFileType = sourcecode.swift; path = RatingControl.swift; sourceTree = "<group>"; };
		D2BA3BD71C64D6D200569A26 /* Meal.swift */ = {isa = PBXFileReference; fileEncoding = 4; lastKnownFileType = sourcecode.swift; path = Meal.swift; sourceTree = "<group>"; };
/* End PBXFileReference section */

/* Begin PBXFrameworksBuildPhase section */
		D2A8B90F1C6246C600D684BA /* Frameworks */ = {
			isa = PBXFrameworksBuildPhase;
			buildActionMask = 2147483647;
			files = (
			);
			runOnlyForDeploymentPostprocessing = 0;
		};
		D2A8B9231C6246C600D684BA /* Frameworks */ = {
			isa = PBXFrameworksBuildPhase;
			buildActionMask = 2147483647;
			files = (
			);
			runOnlyForDeploymentPostprocessing = 0;
		};
/* End PBXFrameworksBuildPhase section */

/* Begin PBXGroup section */
		D2A8B9091C6246C500D684BA = {
			isa = PBXGroup;
			children = (
				D2A8B9141C6246C600D684BA /* FoodTracker */,
				D2A8B9291C6246C600D684BA /* FoodTrackerTests */,
				D2A8B9131C6246C600D684BA /* Products */,
			);
			sourceTree = "<group>";
		};
		D2A8B9131C6246C600D684BA /* Products */ = {
			isa = PBXGroup;
			children = (
				D2A8B9121C6246C600D684BA /* FoodTracker.app */,
				D2A8B9261C6246C600D684BA /* FoodTrackerTests.xctest */,
			);
			name = Products;
			sourceTree = "<group>";
		};
		D2A8B9141C6246C600D684BA /* FoodTracker */ = {
			isa = PBXGroup;
			children = (
				D2A8B9151C6246C600D684BA /* AppDelegate.swift */,
				D2A8B9171C6246C600D684BA /* MealViewController.swift */,
				D2A8B9191C6246C600D684BA /* Main.storyboard */,
				D263D94E1C69F621002E8DE5 /* MealTableViewCell.swift */,
				D22B5A141C68E9FD000D549A /* Assets.xcassets */,
				D2BA3BD71C64D6D200569A26 /* Meal.swift */,
				D2BA3BD51C63C8CE00569A26 /* RatingControl.swift */,
				D2A8B91E1C6246C600D684BA /* LaunchScreen.storyboard */,
				D2A8B9211C6246C600D684BA /* Info.plist */,
				D263D94A1C68FF14002E8DE5 /* MealTableViewController.swift */,
				D263D94B1C68FF14002E8DE5 /* MealTableViewController.xib */,
			);
			path = FoodTracker;
			sourceTree = "<group>";
		};
		D2A8B9291C6246C600D684BA /* FoodTrackerTests */ = {
			isa = PBXGroup;
			children = (
				D2A8B92A1C6246C600D684BA /* FoodTrackerTests.swift */,
				D2A8B92C1C6246C600D684BA /* Info.plist */,
			);
			path = FoodTrackerTests;
			sourceTree = "<group>";
		};
/* End PBXGroup section */

/* Begin PBXNativeTarget section */
		D2A8B9111C6246C600D684BA /* FoodTracker */ = {
			isa = PBXNativeTarget;
			buildConfigurationList = D2A8B92F1C6246C600D684BA /* Build configuration list for PBXNativeTarget "FoodTracker" */;
			buildPhases = (
				D2A8B90E1C6246C600D684BA /* Sources */,
				D2A8B90F1C6246C600D684BA /* Frameworks */,
				D2A8B9101C6246C600D684BA /* Resources */,
			);
			buildRules = (
			);
			dependencies = (
			);
			name = FoodTracker;
			productName = FoodTracker;
			productReference = D2A8B9121C6246C600D684BA /* FoodTracker.app */;
			productType = "com.apple.product-type.application";
		};
		D2A8B9251C6246C600D684BA /* FoodTrackerTests */ = {
			isa = PBXNativeTarget;
			buildConfigurationList = D2A8B9321C6246C600D684BA /* Build configuration list for PBXNativeTarget "FoodTrackerTests" */;
			buildPhases = (
				D2A8B9221C6246C600D684BA /* Sources */,
				D2A8B9231C6246C600D684BA /* Frameworks */,
				D2A8B9241C6246C600D684BA /* Resources */,
			);
			buildRules = (
			);
			dependencies = (
				D2A8B9281C6246C600D684BA /* PBXTargetDependency */,
			);
			name = FoodTrackerTests;
			productName = FoodTrackerTests;
			productReference = D2A8B9261C6246C600D684BA /* FoodTrackerTests.xctest */;
			productType = "com.apple.product-type.bundle.unit-test";
		};
/* End PBXNativeTarget section */

/* Begin PBXProject section */
		D2A8B90A1C6246C600D684BA /* Project object */ = {
			isa = PBXProject;
			attributes = {
				LastSwiftUpdateCheck = 0720;
				LastUpgradeCheck = 0720;
				ORGANIZATIONNAME = "Scott Ashmore";
				TargetAttributes = {
					D2A8B9111C6246C600D684BA = {
						CreatedOnToolsVersion = 7.2;
						DevelopmentTeam = 2M48QV2N86;
					};
					D2A8B9251C6246C600D684BA = {
						CreatedOnToolsVersion = 7.2;
						TestTargetID = D2A8B9111C6246C600D684BA;
					};
				};
			};
			buildConfigurationList = D2A8B90D1C6246C600D684BA /* Build configuration list for PBXProject "FoodTracker" */;
			compatibilityVersion = "Xcode 3.2";
			developmentRegion = English;
			hasScannedForEncodings = 0;
			knownRegions = (
				en,
				Base,
			);
			mainGroup = D2A8B9091C6246C500D684BA;
			productRefGroup = D2A8B9131C6246C600D684BA /* Products */;
			projectDirPath = "";
			projectRoot = "";
			targets = (
				D2A8B9111C6246C600D684BA /* FoodTracker */,
				D2A8B9251C6246C600D684BA /* FoodTrackerTests */,
			);
		};
/* End PBXProject section */

/* Begin PBXResourcesBuildPhase section */
		D2A8B9101C6246C600D684BA /* Resources */ = {
			isa = PBXResourcesBuildPhase;
			buildActionMask = 2147483647;
			files = (
				D2A8B9201C6246C600D684BA /* LaunchScreen.storyboard in Resources */,
				D22B5A151C68E9FD000D549A /* Assets.xcassets in Resources */,
				D263D94D1C68FF14002E8DE5 /* MealTableViewController.xib in Resources */,
				D2A8B91B1C6246C600D684BA /* Main.storyboard in Resources */,
			);
			runOnlyForDeploymentPostprocessing = 0;
		};
		D2A8B9241C6246C600D684BA /* Resources */ = {
			isa = PBXResourcesBuildPhase;
			buildActionMask = 2147483647;
			files = (
			);
			runOnlyForDeploymentPostprocessing = 0;
		};
/* End PBXResourcesBuildPhase section */

/* Begin PBXSourcesBuildPhase section */
		D2A8B90E1C6246C600D684BA /* Sources */ = {
			isa = PBXSourcesBuildPhase;
			buildActionMask = 2147483647;
			files = (
				D2BA3BD81C64D6D200569A26 /* Meal.swift in Sources */,
				D2A8B9181C6246C600D684BA /* MealViewController.swift in Sources */,
				D263D94F1C69F621002E8DE5 /* MealTableViewCell.swift in Sources */,
				D2BA3BD61C63C8CE00569A26 /* RatingControl.swift in Sources */,
				D2A8B9161C6246C600D684BA /* AppDelegate.swift in Sources */,
				D263D94C1C68FF14002E8DE5 /* MealTableViewController.swift in Sources */,
			);
			runOnlyForDeploymentPostprocessing = 0;
		};
		D2A8B9221C6246C600D684BA /* Sources */ = {
			isa = PBXSourcesBuildPhase;
			buildActionMask = 2147483647;
			files = (
				D2BA3BD91C64D6D200569A26 /* Meal.swift in Sources */,
				D2A8B92B1C6246C600D684BA /* FoodTrackerTests.swift in Sources */,
			);
			runOnlyForDeploymentPostprocessing = 0;
		};
/* End PBXSourcesBuildPhase section */

/* Begin PBXTargetDependency section */
		D2A8B9281C6246C600D684BA /* PBXTargetDependency */ = {
			isa = PBXTargetDependency;
			target = D2A8B9111C6246C600D684BA /* FoodTracker */;
			targetProxy = D2A8B9271C6246C600D684BA /* PBXContainerItemProxy */;
		};
/* End PBXTargetDependency section */

/* Begin PBXVariantGroup section */
		D2A8B9191C6246C600D684BA /* Main.storyboard */ = {
			isa = PBXVariantGroup;
			children = (
				D2A8B91A1C6246C600D684BA /* Base */,
			);
			name = Main.storyboard;
			sourceTree = "<group>";
		};
		D2A8B91E1C6246C600D684BA /* LaunchScreen.storyboard */ = {
			isa = PBXVariantGroup;
			children = (
				D2A8B91F1C6246C600D684BA /* Base */,
			);
			name = LaunchScreen.storyboard;
			sourceTree = "<group>";
		};
/* End PBXVariantGroup section */

/* Begin XCBuildConfiguration section */
		D2A8B92D1C6246C600D684BA /* Debug */ = {
			isa = XCBuildConfiguration;
			buildSettings = {
				ALWAYS_SEARCH_USER_PATHS = NO;
				CLANG_CXX_LANGUAGE_STANDARD = "gnu++0x";
				CLANG_CXX_LIBRARY = "libc++";
				CLANG_ENABLE_MODULES = YES;
				CLANG_ENABLE_OBJC_ARC = YES;
				CLANG_WARN_BOOL_CONVERSION = YES;
				CLANG_WARN_CONSTANT_CONVERSION = YES;
				CLANG_WARN_DIRECT_OBJC_ISA_USAGE = YES_ERROR;
				CLANG_WARN_EMPTY_BODY = YES;
				CLANG_WARN_ENUM_CONVERSION = YES;
				CLANG_WARN_INT_CONVERSION = YES;
				CLANG_WARN_OBJC_ROOT_CLASS = YES_ERROR;
				CLANG_WARN_UNREACHABLE_CODE = YES;
				CLANG_WARN__DUPLICATE_METHOD_MATCH = YES;
				"CODE_SIGN_IDENTITY[sdk=iphoneos*]" = "iPhone Developer";
				COPY_PHASE_STRIP = NO;
				DEBUG_INFORMATION_FORMAT = dwarf;
				ENABLE_STRICT_OBJC_MSGSEND = YES;
				ENABLE_TESTABILITY = YES;
				GCC_C_LANGUAGE_STANDARD = gnu99;
				GCC_DYNAMIC_NO_PIC = NO;
				GCC_NO_COMMON_BLOCKS = YES;
				GCC_OPTIMIZATION_LEVEL = 0;
				GCC_PREPROCESSOR_DEFINITIONS = (
					"DEBUG=1",
					"$(inherited)",
				);
				GCC_WARN_64_TO_32_BIT_CONVERSION = YES;
				GCC_WARN_ABOUT_RETURN_TYPE = YES_ERROR;
				GCC_WARN_UNDECLARED_SELECTOR = YES;
				GCC_WARN_UNINITIALIZED_AUTOS = YES_AGGRESSIVE;
				GCC_WARN_UNUSED_FUNCTION = YES;
				GCC_WARN_UNUSED_VARIABLE = YES;
				IPHONEOS_DEPLOYMENT_TARGET = 9.2;
				MTL_ENABLE_DEBUG_INFO = YES;
				ONLY_ACTIVE_ARCH = YES;
				SDKROOT = iphoneos;
				SWIFT_OPTIMIZATION_LEVEL = "-Onone";
				TARGETED_DEVICE_FAMILY = "1,2";
			};
			name = Debug;
		};
		D2A8B92E1C6246C600D684BA /* Release */ = {
			isa = XCBuildConfiguration;
			buildSettings = {
				ALWAYS_SEARCH_USER_PATHS = NO;
				CLANG_CXX_LANGUAGE_STANDARD = "gnu++0x";
				CLANG_CXX_LIBRARY = "libc++";
				CLANG_ENABLE_MODULES = YES;
				CLANG_ENABLE_OBJC_ARC = YES;
				CLANG_WARN_BOOL_CONVERSION = YES;
				CLANG_WARN_CONSTANT_CONVERSION = YES;
				CLANG_WARN_DIRECT_OBJC_ISA_USAGE = YES_ERROR;
				CLANG_WARN_EMPTY_BODY = YES;
				CLANG_WARN_ENUM_CONVERSION = YES;
				CLANG_WARN_INT_CONVERSION = YES;
				CLANG_WARN_OBJC_ROOT_CLASS = YES_ERROR;
				CLANG_WARN_UNREACHABLE_CODE = YES;
				CLANG_WARN__DUPLICATE_METHOD_MATCH = YES;
				"CODE_SIGN_IDENTITY[sdk=iphoneos*]" = "iPhone Developer";
				COPY_PHASE_STRIP = NO;
				DEBUG_INFORMATION_FORMAT = "dwarf-with-dsym";
				ENABLE_NS_ASSERTIONS = NO;
				ENABLE_STRICT_OBJC_MSGSEND = YES;
				GCC_C_LANGUAGE_STANDARD = gnu99;
				GCC_NO_COMMON_BLOCKS = YES;
				GCC_WARN_64_TO_32_BIT_CONVERSION = YES;
				GCC_WARN_ABOUT_RETURN_TYPE = YES_ERROR;
				GCC_WARN_UNDECLARED_SELECTOR = YES;
				GCC_WARN_UNINITIALIZED_AUTOS = YES_AGGRESSIVE;
				GCC_WARN_UNUSED_FUNCTION = YES;
				GCC_WARN_UNUSED_VARIABLE = YES;
				IPHONEOS_DEPLOYMENT_TARGET = 9.2;
				MTL_ENABLE_DEBUG_INFO = NO;
				SDKROOT = iphoneos;
				TARGETED_DEVICE_FAMILY = "1,2";
				VALIDATE_PRODUCT = YES;
			};
			name = Release;
		};
		D2A8B9301C6246C600D684BA /* Debug */ = {
			isa = XCBuildConfiguration;
			buildSettings = {
				ASSETCATALOG_COMPILER_APPICON_NAME = AppIcon;
				CODE_SIGN_IDENTITY = "iPhone Developer";
				"CODE_SIGN_IDENTITY[sdk=iphoneos*]" = "iPhone Developer";
				INFOPLIST_FILE = FoodTracker/Info.plist;
				LD_RUNPATH_SEARCH_PATHS = "$(inherited) @executable_path/Frameworks";
				PRODUCT_BUNDLE_IDENTIFIER = com.example.FoodTracker;
				PRODUCT_NAME = "$(TARGET_NAME)";
				PROVISIONING_PROFILE = "";
			};
			name = Debug;
		};
		D2A8B9311C6246C600D684BA /* Release */ = {
			isa = XCBuildConfiguration;
			buildSettings = {
				ASSETCATALOG_COMPILER_APPICON_NAME = AppIcon;
				CODE_SIGN_IDENTITY = "iPhone Developer";
				"CODE_SIGN_IDENTITY[sdk=iphoneos*]" = "iPhone Developer";
				INFOPLIST_FILE = FoodTracker/Info.plist;
				LD_RUNPATH_SEARCH_PATHS = "$(inherited) @executable_path/Frameworks";
				PRODUCT_BUNDLE_IDENTIFIER = com.example.FoodTracker;
				PRODUCT_NAME = "$(TARGET_NAME)";
				PROVISIONING_PROFILE = "";
			};
			name = Release;
		};
		D2A8B9331C6246C600D684BA /* Debug */ = {
			isa = XCBuildConfiguration;
			buildSettings = {
				BUNDLE_LOADER = "$(TEST_HOST)";
				INFOPLIST_FILE = FoodTrackerTests/Info.plist;
				LD_RUNPATH_SEARCH_PATHS = "$(inherited) @executable_path/Frameworks @loader_path/Frameworks";
				PRODUCT_BUNDLE_IDENTIFIER = com.example.FoodTrackerTests;
				PRODUCT_NAME = "$(TARGET_NAME)";
				TEST_HOST = "$(BUILT_PRODUCTS_DIR)/FoodTracker.app/FoodTracker";
			};
			name = Debug;
		};
		D2A8B9341C6246C600D684BA /* Release */ = {
			isa = XCBuildConfiguration;
			buildSettings = {
				BUNDLE_LOADER = "$(TEST_HOST)";
				INFOPLIST_FILE = FoodTrackerTests/Info.plist;
				LD_RUNPATH_SEARCH_PATHS = "$(inherited) @executable_path/Frameworks @loader_path/Frameworks";
				PRODUCT_BUNDLE_IDENTIFIER = com.example.FoodTrackerTests;
				PRODUCT_NAME = "$(TARGET_NAME)";
				TEST_HOST = "$(BUILT_PRODUCTS_DIR)/FoodTracker.app/FoodTracker";
			};
			name = Release;
		};
/* End XCBuildConfiguration section */

/* Begin XCConfigurationList section */
		D2A8B90D1C6246C600D684BA /* Build configuration list for PBXProject "FoodTracker" */ = {
			isa = XCConfigurationList;
			buildConfigurations = (
				D2A8B92D1C6246C600D684BA /* Debug */,
				D2A8B92E1C6246C600D684BA /* Release */,
			);
			defaultConfigurationIsVisible = 0;
			defaultConfigurationName = Release;
		};
		D2A8B92F1C6246C600D684BA /* Build configuration list for PBXNativeTarget "FoodTracker" */ = {
			isa = XCConfigurationList;
			buildConfigurations = (
				D2A8B9301C6246C600D684BA /* Debug */,
				D2A8B9311C6246C600D684BA /* Release */,
			);
			defaultConfigurationIsVisible = 0;
			defaultConfigurationName = Release;
		};
		D2A8B9321C6246C600D684BA /* Build configuration list for PBXNativeTarget "FoodTrackerTests" */ = {
			isa = XCConfigurationList;
			buildConfigurations = (
				D2A8B9331C6246C600D684BA /* Debug */,
				D2A8B9341C6246C600D684BA /* Release */,
			);
			defaultConfigurationIsVisible = 0;
			defaultConfigurationName = Release;
		};
/* End XCConfigurationList section */
	};
	rootObject = D2A8B90A1C6246C600D684BA /* Project object */;
}
